// !$*UTF8*$!
{
	archiveVersion = 1;
	classes = {
	};
	objectVersion = 50;
	objects = {

/* Begin PBXBuildFile section */
		FF0D422C27C8918700AB1C2C /* TimeSignature.swift in Sources */ = {isa = PBXBuildFile; fileRef = FF0D422B27C8918700AB1C2C /* TimeSignature.swift */; };
		FF0D422E27C891C100AB1C2C /* BPM.swift in Sources */ = {isa = PBXBuildFile; fileRef = FF0D422D27C891C100AB1C2C /* BPM.swift */; };
		FF0D423027C8921E00AB1C2C /* SettingsButton.swift in Sources */ = {isa = PBXBuildFile; fileRef = FF0D422F27C8921E00AB1C2C /* SettingsButton.swift */; };
		FF91A45027BC396600242520 /* Unit_7_ProjectApp.swift in Sources */ = {isa = PBXBuildFile; fileRef = FF91A44F27BC396600242520 /* Unit_7_ProjectApp.swift */; };
		FF91A45227BC396600242520 /* ContentView.swift in Sources */ = {isa = PBXBuildFile; fileRef = FF91A45127BC396600242520 /* ContentView.swift */; };
		FF91A45427BC396900242520 /* Assets.xcassets in Resources */ = {isa = PBXBuildFile; fileRef = FF91A45327BC396900242520 /* Assets.xcassets */; };
		FF91A45727BC396900242520 /* Preview Assets.xcassets in Resources */ = {isa = PBXBuildFile; fileRef = FF91A45627BC396900242520 /* Preview Assets.xcassets */; };
		FF91A46127BC3AA200242520 /* MetronomeApp.swift in Sources */ = {isa = PBXBuildFile; fileRef = FF91A46027BC3AA200242520 /* MetronomeApp.swift */; };
		FFB255AC27CD4DCE00730AF6 /* ModelLayer.swift in Sources */ = {isa = PBXBuildFile; fileRef = FFB255AB27CD4DCD00730AF6 /* ModelLayer.swift */; };
		FFE56A8327BECFCA001B5F4A /* TopBar.swift in Sources */ = {isa = PBXBuildFile; fileRef = FFE56A8227BECFCA001B5F4A /* TopBar.swift */; };
		FFE56A8527BED2A5001B5F4A /* CenterBody.swift in Sources */ = {isa = PBXBuildFile; fileRef = FFE56A8427BED2A5001B5F4A /* CenterBody.swift */; };
/* End PBXBuildFile section */

/* Begin PBXFileReference section */
		FF0D422B27C8918700AB1C2C /* TimeSignature.swift */ = {isa = PBXFileReference; lastKnownFileType = sourcecode.swift; path = TimeSignature.swift; sourceTree = "<group>"; };
		FF0D422D27C891C100AB1C2C /* BPM.swift */ = {isa = PBXFileReference; lastKnownFileType = sourcecode.swift; path = BPM.swift; sourceTree = "<group>"; };
		FF0D422F27C8921E00AB1C2C /* SettingsButton.swift */ = {isa = PBXFileReference; lastKnownFileType = sourcecode.swift; path = SettingsButton.swift; sourceTree = "<group>"; };
		FF91A44C27BC396600242520 /* Unit 7 Project.app */ = {isa = PBXFileReference; explicitFileType = wrapper.application; includeInIndex = 0; path = "Unit 7 Project.app"; sourceTree = BUILT_PRODUCTS_DIR; };
		FF91A44F27BC396600242520 /* Unit_7_ProjectApp.swift */ = {isa = PBXFileReference; lastKnownFileType = sourcecode.swift; path = Unit_7_ProjectApp.swift; sourceTree = "<group>"; };
		FF91A45127BC396600242520 /* ContentView.swift */ = {isa = PBXFileReference; lastKnownFileType = sourcecode.swift; path = ContentView.swift; sourceTree = "<group>"; };
		FF91A45327BC396900242520 /* Assets.xcassets */ = {isa = PBXFileReference; lastKnownFileType = folder.assetcatalog; path = Assets.xcassets; sourceTree = "<group>"; };
		FF91A45627BC396900242520 /* Preview Assets.xcassets */ = {isa = PBXFileReference; lastKnownFileType = folder.assetcatalog; path = "Preview Assets.xcassets"; sourceTree = "<group>"; };
		FF91A45827BC396900242520 /* Info.plist */ = {isa = PBXFileReference; lastKnownFileType = text.plist.xml; path = Info.plist; sourceTree = "<group>"; };
		FF91A46027BC3AA200242520 /* MetronomeApp.swift */ = {isa = PBXFileReference; lastKnownFileType = sourcecode.swift; path = MetronomeApp.swift; sourceTree = "<group>"; };
		FFB255AB27CD4DCD00730AF6 /* ModelLayer.swift */ = {isa = PBXFileReference; lastKnownFileType = sourcecode.swift; path = ModelLayer.swift; sourceTree = "<group>"; };
		FFE56A8227BECFCA001B5F4A /* TopBar.swift */ = {isa = PBXFileReference; lastKnownFileType = sourcecode.swift; path = TopBar.swift; sourceTree = "<group>"; };
		FFE56A8427BED2A5001B5F4A /* CenterBody.swift */ = {isa = PBXFileReference; lastKnownFileType = sourcecode.swift; path = CenterBody.swift; sourceTree = "<group>"; };
/* End PBXFileReference section */

/* Begin PBXFrameworksBuildPhase section */
		FF91A44927BC396600242520 /* Frameworks */ = {
			isa = PBXFrameworksBuildPhase;
			buildActionMask = 2147483647;
			files = (
			);
			runOnlyForDeploymentPostprocessing = 0;
		};
/* End PBXFrameworksBuildPhase section */

/* Begin PBXGroup section */
		FF91A44327BC396600242520 = {
			isa = PBXGroup;
			children = (
				FF91A44E27BC396600242520 /* Unit 7 Project */,
				FF91A44D27BC396600242520 /* Products */,
			);
			sourceTree = "<group>";
		};
		FF91A44D27BC396600242520 /* Products */ = {
			isa = PBXGroup;
			children = (
				FF91A44C27BC396600242520 /* Unit 7 Project.app */,
			);
			name = Products;
			sourceTree = "<group>";
		};
		FF91A44E27BC396600242520 /* Unit 7 Project */ = {
			isa = PBXGroup;
			children = (
				FFB255AB27CD4DCD00730AF6 /* ModelLayer.swift */,
				FF0D422B27C8918700AB1C2C /* TimeSignature.swift */,
				FF91A44F27BC396600242520 /* Unit_7_ProjectApp.swift */,
				FF91A45127BC396600242520 /* ContentView.swift */,
				FF91A46027BC3AA200242520 /* MetronomeApp.swift */,
				FFE56A8427BED2A5001B5F4A /* CenterBody.swift */,
				FFE56A8227BECFCA001B5F4A /* TopBar.swift */,
				FF0D422F27C8921E00AB1C2C /* SettingsButton.swift */,
				FF0D422D27C891C100AB1C2C /* BPM.swift */,
				FF91A45327BC396900242520 /* Assets.xcassets */,
				FF91A45827BC396900242520 /* Info.plist */,
				FF91A45527BC396900242520 /* Preview Content */,
			);
			path = "Unit 7 Project";
			sourceTree = "<group>";
		};
		FF91A45527BC396900242520 /* Preview Content */ = {
			isa = PBXGroup;
			children = (
				FF91A45627BC396900242520 /* Preview Assets.xcassets */,
			);
			path = "Preview Content";
			sourceTree = "<group>";
		};
/* End PBXGroup section */

/* Begin PBXNativeTarget section */
		FF91A44B27BC396600242520 /* Unit 7 Project */ = {
			isa = PBXNativeTarget;
			buildConfigurationList = FF91A45B27BC396900242520 /* Build configuration list for PBXNativeTarget "Unit 7 Project" */;
			buildPhases = (
				FF91A44827BC396600242520 /* Sources */,
				FF91A44927BC396600242520 /* Frameworks */,
				FF91A44A27BC396600242520 /* Resources */,
			);
			buildRules = (
			);
			dependencies = (
			);
			name = "Unit 7 Project";
			productName = "Unit 7 Project";
			productReference = FF91A44C27BC396600242520 /* Unit 7 Project.app */;
			productType = "com.apple.product-type.application";
		};
/* End PBXNativeTarget section */

/* Begin PBXProject section */
		FF91A44427BC396600242520 /* Project object */ = {
			isa = PBXProject;
			attributes = {
				LastSwiftUpdateCheck = 1250;
				LastUpgradeCheck = 1250;
				TargetAttributes = {
					FF91A44B27BC396600242520 = {
						CreatedOnToolsVersion = 12.5.1;
					};
				};
			};
			buildConfigurationList = FF91A44727BC396600242520 /* Build configuration list for PBXProject "Unit 7 Project" */;
			compatibilityVersion = "Xcode 9.3";
			developmentRegion = en;
			hasScannedForEncodings = 0;
			knownRegions = (
				en,
				Base,
			);
			mainGroup = FF91A44327BC396600242520;
			productRefGroup = FF91A44D27BC396600242520 /* Products */;
			projectDirPath = "";
			projectRoot = "";
			targets = (
				FF91A44B27BC396600242520 /* Unit 7 Project */,
			);
		};
/* End PBXProject section */

/* Begin PBXResourcesBuildPhase section */
		FF91A44A27BC396600242520 /* Resources */ = {
			isa = PBXResourcesBuildPhase;
			buildActionMask = 2147483647;
			files = (
				FF91A45727BC396900242520 /* Preview Assets.xcassets in Resources */,
				FF91A45427BC396900242520 /* Assets.xcassets in Resources */,
			);
			runOnlyForDeploymentPostprocessing = 0;
		};
/* End PBXResourcesBuildPhase section */

/* Begin PBXSourcesBuildPhase section */
		FF91A44827BC396600242520 /* Sources */ = {
			isa = PBXSourcesBuildPhase;
			buildActionMask = 2147483647;
			files = (
				FF0D422E27C891C100AB1C2C /* BPM.swift in Sources */,
				FFB255AC27CD4DCE00730AF6 /* ModelLayer.swift in Sources */,
				FF91A45227BC396600242520 /* ContentView.swift in Sources */,
				FF91A46127BC3AA200242520 /* MetronomeApp.swift in Sources */,
				FF91A45027BC396600242520 /* Unit_7_ProjectApp.swift in Sources */,
				FF0D423027C8921E00AB1C2C /* SettingsButton.swift in Sources */,
				FFE56A8327BECFCA001B5F4A /* TopBar.swift in Sources */,
				FFE56A8527BED2A5001B5F4A /* CenterBody.swift in Sources */,
				FF0D422C27C8918700AB1C2C /* TimeSignature.swift in Sources */,
			);
			runOnlyForDeploymentPostprocessing = 0;
		};
/* End PBXSourcesBuildPhase section */

/* Begin XCBuildConfiguration section */
		FF91A45927BC396900242520 /* Debug */ = {
			isa = XCBuildConfiguration;
			buildSettings = {
				ALWAYS_SEARCH_USER_PATHS = NO;
				CLANG_ANALYZER_NONNULL = YES;
				CLANG_ANALYZER_NUMBER_OBJECT_CONVERSION = YES_AGGRESSIVE;
				CLANG_CXX_LANGUAGE_STANDARD = "gnu++14";
				CLANG_CXX_LIBRARY = "libc++";
				CLANG_ENABLE_MODULES = YES;
				CLANG_ENABLE_OBJC_ARC = YES;
				CLANG_ENABLE_OBJC_WEAK = YES;
				CLANG_WARN_BLOCK_CAPTURE_AUTORELEASING = YES;
				CLANG_WARN_BOOL_CONVERSION = YES;
				CLANG_WARN_COMMA = YES;
				CLANG_WARN_CONSTANT_CONVERSION = YES;
				CLANG_WARN_DEPRECATED_OBJC_IMPLEMENTATIONS = YES;
				CLANG_WARN_DIRECT_OBJC_ISA_USAGE = YES_ERROR;
				CLANG_WARN_DOCUMENTATION_COMMENTS = YES;
				CLANG_WARN_EMPTY_BODY = YES;
				CLANG_WARN_ENUM_CONVERSION = YES;
				CLANG_WARN_INFINITE_RECURSION = YES;
				CLANG_WARN_INT_CONVERSION = YES;
				CLANG_WARN_NON_LITERAL_NULL_CONVERSION = YES;
				CLANG_WARN_OBJC_IMPLICIT_RETAIN_SELF = YES;
				CLANG_WARN_OBJC_LITERAL_CONVERSION = YES;
				CLANG_WARN_OBJC_ROOT_CLASS = YES_ERROR;
				CLANG_WARN_QUOTED_INCLUDE_IN_FRAMEWORK_HEADER = YES;
				CLANG_WARN_RANGE_LOOP_ANALYSIS = YES;
				CLANG_WARN_STRICT_PROTOTYPES = YES;
				CLANG_WARN_SUSPICIOUS_MOVE = YES;
				CLANG_WARN_UNGUARDED_AVAILABILITY = YES_AGGRESSIVE;
				CLANG_WARN_UNREACHABLE_CODE = YES;
				CLANG_WARN__DUPLICATE_METHOD_MATCH = YES;
				COPY_PHASE_STRIP = NO;
				DEBUG_INFORMATION_FORMAT = dwarf;
				ENABLE_STRICT_OBJC_MSGSEND = YES;
				ENABLE_TESTABILITY = YES;
				GCC_C_LANGUAGE_STANDARD = gnu11;
				GCC_DYNAMIC_NO_PIC = NO;
				GCC_NO_COMMON_BLOCKS = YES;
				GCC_OPTIMIZATION_LEVEL = 0;
				GCC_PREPROCESSOR_DEFINITIONS = (
					"DEBUG=1",
					"$(inherited)",
				);
				GCC_WARN_64_TO_32_BIT_CONVERSION = YES;
				GCC_WARN_ABOUT_RETURN_TYPE = YES_ERROR;
				GCC_WARN_UNDECLARED_SELECTOR = YES;
				GCC_WARN_UNINITIALIZED_AUTOS = YES_AGGRESSIVE;
				GCC_WARN_UNUSED_FUNCTION = YES;
				GCC_WARN_UNUSED_VARIABLE = YES;
				IPHONEOS_DEPLOYMENT_TARGET = 14.5;
				MTL_ENABLE_DEBUG_INFO = INCLUDE_SOURCE;
				MTL_FAST_MATH = YES;
				ONLY_ACTIVE_ARCH = YES;
				SDKROOT = iphoneos;
				SWIFT_ACTIVE_COMPILATION_CONDITIONS = DEBUG;
				SWIFT_OPTIMIZATION_LEVEL = "-Onone";
			};
			name = Debug;
		};
		FF91A45A27BC396900242520 /* Release */ = {
			isa = XCBuildConfiguration;
			buildSettings = {
				ALWAYS_SEARCH_USER_PATHS = NO;
				CLANG_ANALYZER_NONNULL = YES;
				CLANG_ANALYZER_NUMBER_OBJECT_CONVERSION = YES_AGGRESSIVE;
				CLANG_CXX_LANGUAGE_STANDARD = "gnu++14";
				CLANG_CXX_LIBRARY = "libc++";
				CLANG_ENABLE_MODULES = YES;
				CLANG_ENABLE_OBJC_ARC = YES;
				CLANG_ENABLE_OBJC_WEAK = YES;
				CLANG_WARN_BLOCK_CAPTURE_AUTORELEASING = YES;
				CLANG_WARN_BOOL_CONVERSION = YES;
				CLANG_WARN_COMMA = YES;
				CLANG_WARN_CONSTANT_CONVERSION = YES;
				CLANG_WARN_DEPRECATED_OBJC_IMPLEMENTATIONS = YES;
				CLANG_WARN_DIRECT_OBJC_ISA_USAGE = YES_ERROR;
				CLANG_WARN_DOCUMENTATION_COMMENTS = YES;
				CLANG_WARN_EMPTY_BODY = YES;
				CLANG_WARN_ENUM_CONVERSION = YES;
				CLANG_WARN_INFINITE_RECURSION = YES;
				CLANG_WARN_INT_CONVERSION = YES;
				CLANG_WARN_NON_LITERAL_NULL_CONVERSION = YES;
				CLANG_WARN_OBJC_IMPLICIT_RETAIN_SELF = YES;
				CLANG_WARN_OBJC_LITERAL_CONVERSION = YES;
				CLANG_WARN_OBJC_ROOT_CLASS = YES_ERROR;
				CLANG_WARN_QUOTED_INCLUDE_IN_FRAMEWORK_HEADER = YES;
				CLANG_WARN_RANGE_LOOP_ANALYSIS = YES;
				CLANG_WARN_STRICT_PROTOTYPES = YES;
				CLANG_WARN_SUSPICIOUS_MOVE = YES;
				CLANG_WARN_UNGUARDED_AVAILABILITY = YES_AGGRESSIVE;
				CLANG_WARN_UNREACHABLE_CODE = YES;
				CLANG_WARN__DUPLICATE_METHOD_MATCH = YES;
				COPY_PHASE_STRIP = NO;
				DEBUG_INFORMATION_FORMAT = "dwarf-with-dsym";
				ENABLE_NS_ASSERTIONS = NO;
				ENABLE_STRICT_OBJC_MSGSEND = YES;
				GCC_C_LANGUAGE_STANDARD = gnu11;
				GCC_NO_COMMON_BLOCKS = YES;
				GCC_WARN_64_TO_32_BIT_CONVERSION = YES;
				GCC_WARN_ABOUT_RETURN_TYPE = YES_ERROR;
				GCC_WARN_UNDECLARED_SELECTOR = YES;
				GCC_WARN_UNINITIALIZED_AUTOS = YES_AGGRESSIVE;
				GCC_WARN_UNUSED_FUNCTION = YES;
				GCC_WARN_UNUSED_VARIABLE = YES;
				IPHONEOS_DEPLOYMENT_TARGET = 14.5;
				MTL_ENABLE_DEBUG_INFO = NO;
				MTL_FAST_MATH = YES;
				SDKROOT = iphoneos;
				SWIFT_COMPILATION_MODE = wholemodule;
				SWIFT_OPTIMIZATION_LEVEL = "-O";
				VALIDATE_PRODUCT = YES;
			};
			name = Release;
		};
		FF91A45C27BC396900242520 /* Debug */ = {
			isa = XCBuildConfiguration;
			buildSettings = {
				ASSETCATALOG_COMPILER_APPICON_NAME = AppIcon;
				ASSETCATALOG_COMPILER_GLOBAL_ACCENT_COLOR_NAME = AccentColor;
				CODE_SIGN_STYLE = Automatic;
				DEVELOPMENT_ASSET_PATHS = "\"Unit 7 Project/Preview Content\"";
				DEVELOPMENT_TEAM = 29RWYN422A;
				ENABLE_PREVIEWS = YES;
				INFOPLIST_FILE = "Unit 7 Project/Info.plist";
				IPHONEOS_DEPLOYMENT_TARGET = 14.0;
				LD_RUNPATH_SEARCH_PATHS = (
					"$(inherited)",
					"@executable_path/Frameworks",
				);
				PRODUCT_BUNDLE_IDENTIFIER = "edu.andover.skim23.Unit-7-Project";
				PRODUCT_NAME = "$(TARGET_NAME)";
				SWIFT_VERSION = 5.0;
				TARGETED_DEVICE_FAMILY = "1,2";
			};
			name = Debug;
		};
		FF91A45D27BC396900242520 /* Release */ = {
			isa = XCBuildConfiguration;
			buildSettings = {
				ASSETCATALOG_COMPILER_APPICON_NAME = AppIcon;
				ASSETCATALOG_COMPILER_GLOBAL_ACCENT_COLOR_NAME = AccentColor;
				CODE_SIGN_STYLE = Automatic;
				DEVELOPMENT_ASSET_PATHS = "\"Unit 7 Project/Preview Content\"";
				DEVELOPMENT_TEAM = 29RWYN422A;
				ENABLE_PREVIEWS = YES;
				INFOPLIST_FILE = "Unit 7 Project/Info.plist";
				IPHONEOS_DEPLOYMENT_TARGET = 14.0;
				LD_RUNPATH_SEARCH_PATHS = (
					"$(inherited)",
					"@executable_path/Frameworks",
				);
				PRODUCT_BUNDLE_IDENTIFIER = "edu.andover.skim23.Unit-7-Project";
				PRODUCT_NAME = "$(TARGET_NAME)";
				SWIFT_VERSION = 5.0;
				TARGETED_DEVICE_FAMILY = "1,2";
			};
			name = Release;
		};
/* End XCBuildConfiguration section */

/* Begin XCConfigurationList section */
		FF91A44727BC396600242520 /* Build configuration list for PBXProject "Unit 7 Project" */ = {
			isa = XCConfigurationList;
			buildConfigurations = (
				FF91A45927BC396900242520 /* Debug */,
				FF91A45A27BC396900242520 /* Release */,
			);
			defaultConfigurationIsVisible = 0;
			defaultConfigurationName = Release;
		};
		FF91A45B27BC396900242520 /* Build configuration list for PBXNativeTarget "Unit 7 Project" */ = {
			isa = XCConfigurationList;
			buildConfigurations = (
				FF91A45C27BC396900242520 /* Debug */,
				FF91A45D27BC396900242520 /* Release */,
			);
			defaultConfigurationIsVisible = 0;
			defaultConfigurationName = Release;
		};
/* End XCConfigurationList section */
	};
	rootObject = FF91A44427BC396600242520 /* Project object */;
}
