// !$*UTF8*$!
{
	archiveVersion = 1;
	classes = {
	};
	objectVersion = 50;
	objects = {

/* Begin PBXBuildFile section */
		FF8FF6B5273B78B700EDAB90 /* BadDeviceCardView.swift in Sources */ = {isa = PBXBuildFile; fileRef = FF8FF6B4273B78B700EDAB90 /* BadDeviceCardView.swift */; };
		FF8FF6B7273B799D00EDAB90 /* GoodDeviceCardView.swift in Sources */ = {isa = PBXBuildFile; fileRef = FF8FF6B6273B799D00EDAB90 /* GoodDeviceCardView.swift */; };
		FFC7D8902739A7890090D531 /* Unit_4_ProjectApp.swift in Sources */ = {isa = PBXBuildFile; fileRef = FFC7D88F2739A7890090D531 /* Unit_4_ProjectApp.swift */; };
		FFC7D8922739A7890090D531 /* ContentView.swift in Sources */ = {isa = PBXBuildFile; fileRef = FFC7D8912739A7890090D531 /* ContentView.swift */; };
		FFC7D8942739A78C0090D531 /* Assets.xcassets in Resources */ = {isa = PBXBuildFile; fileRef = FFC7D8932739A78C0090D531 /* Assets.xcassets */; };
		FFC7D8972739A78C0090D531 /* Preview Assets.xcassets in Resources */ = {isa = PBXBuildFile; fileRef = FFC7D8962739A78C0090D531 /* Preview Assets.xcassets */; };
		FFC7D89F2739A90E0090D531 /* GivenDesign.swift in Sources */ = {isa = PBXBuildFile; fileRef = FFC7D89E2739A90D0090D531 /* GivenDesign.swift */; };
		FFC7D8A12739A9500090D531 /* ImprovedDesign.swift in Sources */ = {isa = PBXBuildFile; fileRef = FFC7D8A02739A9500090D531 /* ImprovedDesign.swift */; };
/* End PBXBuildFile section */

/* Begin PBXFileReference section */
		FF8FF6B4273B78B700EDAB90 /* BadDeviceCardView.swift */ = {isa = PBXFileReference; fileEncoding = 4; lastKnownFileType = sourcecode.swift; path = BadDeviceCardView.swift; sourceTree = "<group>"; };
		FF8FF6B6273B799D00EDAB90 /* GoodDeviceCardView.swift */ = {isa = PBXFileReference; lastKnownFileType = sourcecode.swift; path = GoodDeviceCardView.swift; sourceTree = "<group>"; };
		FFC7D88C2739A7890090D531 /* Unit 4 Project.app */ = {isa = PBXFileReference; explicitFileType = wrapper.application; includeInIndex = 0; path = "Unit 4 Project.app"; sourceTree = BUILT_PRODUCTS_DIR; };
		FFC7D88F2739A7890090D531 /* Unit_4_ProjectApp.swift */ = {isa = PBXFileReference; lastKnownFileType = sourcecode.swift; path = Unit_4_ProjectApp.swift; sourceTree = "<group>"; };
		FFC7D8912739A7890090D531 /* ContentView.swift */ = {isa = PBXFileReference; lastKnownFileType = sourcecode.swift; path = ContentView.swift; sourceTree = "<group>"; };
		FFC7D8932739A78C0090D531 /* Assets.xcassets */ = {isa = PBXFileReference; lastKnownFileType = folder.assetcatalog; path = Assets.xcassets; sourceTree = "<group>"; };
		FFC7D8962739A78C0090D531 /* Preview Assets.xcassets */ = {isa = PBXFileReference; lastKnownFileType = folder.assetcatalog; path = "Preview Assets.xcassets"; sourceTree = "<group>"; };
		FFC7D8982739A78C0090D531 /* Info.plist */ = {isa = PBXFileReference; lastKnownFileType = text.plist.xml; path = Info.plist; sourceTree = "<group>"; };
		FFC7D89E2739A90D0090D531 /* GivenDesign.swift */ = {isa = PBXFileReference; lastKnownFileType = sourcecode.swift; path = GivenDesign.swift; sourceTree = "<group>"; };
		FFC7D8A02739A9500090D531 /* ImprovedDesign.swift */ = {isa = PBXFileReference; lastKnownFileType = sourcecode.swift; path = ImprovedDesign.swift; sourceTree = "<group>"; };
/* End PBXFileReference section */

/* Begin PBXFrameworksBuildPhase section */
		FFC7D8892739A7890090D531 /* Frameworks */ = {
			isa = PBXFrameworksBuildPhase;
			buildActionMask = 2147483647;
			files = (
			);
			runOnlyForDeploymentPostprocessing = 0;
		};
/* End PBXFrameworksBuildPhase section */

/* Begin PBXGroup section */
		FFC7D8832739A7890090D531 = {
			isa = PBXGroup;
			children = (
				FFC7D88E2739A7890090D531 /* Unit 4 Project */,
				FFC7D88D2739A7890090D531 /* Products */,
			);
			sourceTree = "<group>";
		};
		FFC7D88D2739A7890090D531 /* Products */ = {
			isa = PBXGroup;
			children = (
				FFC7D88C2739A7890090D531 /* Unit 4 Project.app */,
			);
			name = Products;
			sourceTree = "<group>";
		};
		FFC7D88E2739A7890090D531 /* Unit 4 Project */ = {
			isa = PBXGroup;
			children = (
				FFC7D88F2739A7890090D531 /* Unit_4_ProjectApp.swift */,
				FFC7D8912739A7890090D531 /* ContentView.swift */,
				FFC7D89E2739A90D0090D531 /* GivenDesign.swift */,
				FF8FF6B4273B78B700EDAB90 /* BadDeviceCardView.swift */,
				FFC7D8A02739A9500090D531 /* ImprovedDesign.swift */,
				FF8FF6B6273B799D00EDAB90 /* GoodDeviceCardView.swift */,
				FFC7D8932739A78C0090D531 /* Assets.xcassets */,
				FFC7D8982739A78C0090D531 /* Info.plist */,
				FFC7D8952739A78C0090D531 /* Preview Content */,
			);
			path = "Unit 4 Project";
			sourceTree = "<group>";
		};
		FFC7D8952739A78C0090D531 /* Preview Content */ = {
			isa = PBXGroup;
			children = (
				FFC7D8962739A78C0090D531 /* Preview Assets.xcassets */,
			);
			path = "Preview Content";
			sourceTree = "<group>";
		};
/* End PBXGroup section */

/* Begin PBXNativeTarget section */
		FFC7D88B2739A7890090D531 /* Unit 4 Project */ = {
			isa = PBXNativeTarget;
			buildConfigurationList = FFC7D89B2739A78C0090D531 /* Build configuration list for PBXNativeTarget "Unit 4 Project" */;
			buildPhases = (
				FFC7D8882739A7890090D531 /* Sources */,
				FFC7D8892739A7890090D531 /* Frameworks */,
				FFC7D88A2739A7890090D531 /* Resources */,
			);
			buildRules = (
			);
			dependencies = (
			);
			name = "Unit 4 Project";
			productName = "Unit 4 Project";
			productReference = FFC7D88C2739A7890090D531 /* Unit 4 Project.app */;
			productType = "com.apple.product-type.application";
		};
/* End PBXNativeTarget section */

/* Begin PBXProject section */
		FFC7D8842739A7890090D531 /* Project object */ = {
			isa = PBXProject;
			attributes = {
				LastSwiftUpdateCheck = 1250;
				LastUpgradeCheck = 1250;
				TargetAttributes = {
					FFC7D88B2739A7890090D531 = {
						CreatedOnToolsVersion = 12.5.1;
					};
				};
			};
			buildConfigurationList = FFC7D8872739A7890090D531 /* Build configuration list for PBXProject "Unit 4 Project" */;
			compatibilityVersion = "Xcode 9.3";
			developmentRegion = en;
			hasScannedForEncodings = 0;
			knownRegions = (
				en,
				Base,
			);
			mainGroup = FFC7D8832739A7890090D531;
			productRefGroup = FFC7D88D2739A7890090D531 /* Products */;
			projectDirPath = "";
			projectRoot = "";
			targets = (
				FFC7D88B2739A7890090D531 /* Unit 4 Project */,
			);
		};
/* End PBXProject section */

/* Begin PBXResourcesBuildPhase section */
		FFC7D88A2739A7890090D531 /* Resources */ = {
			isa = PBXResourcesBuildPhase;
			buildActionMask = 2147483647;
			files = (
				FFC7D8972739A78C0090D531 /* Preview Assets.xcassets in Resources */,
				FFC7D8942739A78C0090D531 /* Assets.xcassets in Resources */,
			);
			runOnlyForDeploymentPostprocessing = 0;
		};
/* End PBXResourcesBuildPhase section */

/* Begin PBXSourcesBuildPhase section */
		FFC7D8882739A7890090D531 /* Sources */ = {
			isa = PBXSourcesBuildPhase;
			buildActionMask = 2147483647;
			files = (
				FFC7D8922739A7890090D531 /* ContentView.swift in Sources */,
				FF8FF6B7273B799D00EDAB90 /* GoodDeviceCardView.swift in Sources */,
				FF8FF6B5273B78B700EDAB90 /* BadDeviceCardView.swift in Sources */,
				FFC7D89F2739A90E0090D531 /* GivenDesign.swift in Sources */,
				FFC7D8902739A7890090D531 /* Unit_4_ProjectApp.swift in Sources */,
				FFC7D8A12739A9500090D531 /* ImprovedDesign.swift in Sources */,
			);
			runOnlyForDeploymentPostprocessing = 0;
		};
/* End PBXSourcesBuildPhase section */

/* Begin XCBuildConfiguration section */
		FFC7D8992739A78C0090D531 /* Debug */ = {
			isa = XCBuildConfiguration;
			buildSettings = {
				ALWAYS_SEARCH_USER_PATHS = NO;
				CLANG_ANALYZER_NONNULL = YES;
				CLANG_ANALYZER_NUMBER_OBJECT_CONVERSION = YES_AGGRESSIVE;
				CLANG_CXX_LANGUAGE_STANDARD = "gnu++14";
				CLANG_CXX_LIBRARY = "libc++";
				CLANG_ENABLE_MODULES = YES;
				CLANG_ENABLE_OBJC_ARC = YES;
				CLANG_ENABLE_OBJC_WEAK = YES;
				CLANG_WARN_BLOCK_CAPTURE_AUTORELEASING = YES;
				CLANG_WARN_BOOL_CONVERSION = YES;
				CLANG_WARN_COMMA = YES;
				CLANG_WARN_CONSTANT_CONVERSION = YES;
				CLANG_WARN_DEPRECATED_OBJC_IMPLEMENTATIONS = YES;
				CLANG_WARN_DIRECT_OBJC_ISA_USAGE = YES_ERROR;
				CLANG_WARN_DOCUMENTATION_COMMENTS = YES;
				CLANG_WARN_EMPTY_BODY = YES;
				CLANG_WARN_ENUM_CONVERSION = YES;
				CLANG_WARN_INFINITE_RECURSION = YES;
				CLANG_WARN_INT_CONVERSION = YES;
				CLANG_WARN_NON_LITERAL_NULL_CONVERSION = YES;
				CLANG_WARN_OBJC_IMPLICIT_RETAIN_SELF = YES;
				CLANG_WARN_OBJC_LITERAL_CONVERSION = YES;
				CLANG_WARN_OBJC_ROOT_CLASS = YES_ERROR;
				CLANG_WARN_QUOTED_INCLUDE_IN_FRAMEWORK_HEADER = YES;
				CLANG_WARN_RANGE_LOOP_ANALYSIS = YES;
				CLANG_WARN_STRICT_PROTOTYPES = YES;
				CLANG_WARN_SUSPICIOUS_MOVE = YES;
				CLANG_WARN_UNGUARDED_AVAILABILITY = YES_AGGRESSIVE;
				CLANG_WARN_UNREACHABLE_CODE = YES;
				CLANG_WARN__DUPLICATE_METHOD_MATCH = YES;
				COPY_PHASE_STRIP = NO;
				DEBUG_INFORMATION_FORMAT = dwarf;
				ENABLE_STRICT_OBJC_MSGSEND = YES;
				ENABLE_TESTABILITY = YES;
				GCC_C_LANGUAGE_STANDARD = gnu11;
				GCC_DYNAMIC_NO_PIC = NO;
				GCC_NO_COMMON_BLOCKS = YES;
				GCC_OPTIMIZATION_LEVEL = 0;
				GCC_PREPROCESSOR_DEFINITIONS = (
					"DEBUG=1",
					"$(inherited)",
				);
				GCC_WARN_64_TO_32_BIT_CONVERSION = YES;
				GCC_WARN_ABOUT_RETURN_TYPE = YES_ERROR;
				GCC_WARN_UNDECLARED_SELECTOR = YES;
				GCC_WARN_UNINITIALIZED_AUTOS = YES_AGGRESSIVE;
				GCC_WARN_UNUSED_FUNCTION = YES;
				GCC_WARN_UNUSED_VARIABLE = YES;
				IPHONEOS_DEPLOYMENT_TARGET = 14.5;
				MTL_ENABLE_DEBUG_INFO = INCLUDE_SOURCE;
				MTL_FAST_MATH = YES;
				ONLY_ACTIVE_ARCH = YES;
				SDKROOT = iphoneos;
				SWIFT_ACTIVE_COMPILATION_CONDITIONS = DEBUG;
				SWIFT_OPTIMIZATION_LEVEL = "-Onone";
			};
			name = Debug;
		};
		FFC7D89A2739A78C0090D531 /* Release */ = {
			isa = XCBuildConfiguration;
			buildSettings = {
				ALWAYS_SEARCH_USER_PATHS = NO;
				CLANG_ANALYZER_NONNULL = YES;
				CLANG_ANALYZER_NUMBER_OBJECT_CONVERSION = YES_AGGRESSIVE;
				CLANG_CXX_LANGUAGE_STANDARD = "gnu++14";
				CLANG_CXX_LIBRARY = "libc++";
				CLANG_ENABLE_MODULES = YES;
				CLANG_ENABLE_OBJC_ARC = YES;
				CLANG_ENABLE_OBJC_WEAK = YES;
				CLANG_WARN_BLOCK_CAPTURE_AUTORELEASING = YES;
				CLANG_WARN_BOOL_CONVERSION = YES;
				CLANG_WARN_COMMA = YES;
				CLANG_WARN_CONSTANT_CONVERSION = YES;
				CLANG_WARN_DEPRECATED_OBJC_IMPLEMENTATIONS = YES;
				CLANG_WARN_DIRECT_OBJC_ISA_USAGE = YES_ERROR;
				CLANG_WARN_DOCUMENTATION_COMMENTS = YES;
				CLANG_WARN_EMPTY_BODY = YES;
				CLANG_WARN_ENUM_CONVERSION = YES;
				CLANG_WARN_INFINITE_RECURSION = YES;
				CLANG_WARN_INT_CONVERSION = YES;
				CLANG_WARN_NON_LITERAL_NULL_CONVERSION = YES;
				CLANG_WARN_OBJC_IMPLICIT_RETAIN_SELF = YES;
				CLANG_WARN_OBJC_LITERAL_CONVERSION = YES;
				CLANG_WARN_OBJC_ROOT_CLASS = YES_ERROR;
				CLANG_WARN_QUOTED_INCLUDE_IN_FRAMEWORK_HEADER = YES;
				CLANG_WARN_RANGE_LOOP_ANALYSIS = YES;
				CLANG_WARN_STRICT_PROTOTYPES = YES;
				CLANG_WARN_SUSPICIOUS_MOVE = YES;
				CLANG_WARN_UNGUARDED_AVAILABILITY = YES_AGGRESSIVE;
				CLANG_WARN_UNREACHABLE_CODE = YES;
				CLANG_WARN__DUPLICATE_METHOD_MATCH = YES;
				COPY_PHASE_STRIP = NO;
				DEBUG_INFORMATION_FORMAT = "dwarf-with-dsym";
				ENABLE_NS_ASSERTIONS = NO;
				ENABLE_STRICT_OBJC_MSGSEND = YES;
				GCC_C_LANGUAGE_STANDARD = gnu11;
				GCC_NO_COMMON_BLOCKS = YES;
				GCC_WARN_64_TO_32_BIT_CONVERSION = YES;
				GCC_WARN_ABOUT_RETURN_TYPE = YES_ERROR;
				GCC_WARN_UNDECLARED_SELECTOR = YES;
				GCC_WARN_UNINITIALIZED_AUTOS = YES_AGGRESSIVE;
				GCC_WARN_UNUSED_FUNCTION = YES;
				GCC_WARN_UNUSED_VARIABLE = YES;
				IPHONEOS_DEPLOYMENT_TARGET = 14.5;
				MTL_ENABLE_DEBUG_INFO = NO;
				MTL_FAST_MATH = YES;
				SDKROOT = iphoneos;
				SWIFT_COMPILATION_MODE = wholemodule;
				SWIFT_OPTIMIZATION_LEVEL = "-O";
				VALIDATE_PRODUCT = YES;
			};
			name = Release;
		};
		FFC7D89C2739A78C0090D531 /* Debug */ = {
			isa = XCBuildConfiguration;
			buildSettings = {
				ASSETCATALOG_COMPILER_APPICON_NAME = AppIcon;
				ASSETCATALOG_COMPILER_GLOBAL_ACCENT_COLOR_NAME = AccentColor;
				CODE_SIGN_STYLE = Automatic;
				DEVELOPMENT_ASSET_PATHS = "\"Unit 4 Project/Preview Content\"";
				DEVELOPMENT_TEAM = 29RWYN422A;
				ENABLE_PREVIEWS = YES;
				INFOPLIST_FILE = "Unit 4 Project/Info.plist";
				IPHONEOS_DEPLOYMENT_TARGET = 14.0;
				LD_RUNPATH_SEARCH_PATHS = (
					"$(inherited)",
					"@executable_path/Frameworks",
				);
				PRODUCT_BUNDLE_IDENTIFIER = "edu.andover.skim23.Unit-4-Project";
				PRODUCT_NAME = "$(TARGET_NAME)";
				SWIFT_VERSION = 5.0;
				TARGETED_DEVICE_FAMILY = "1,2";
			};
			name = Debug;
		};
		FFC7D89D2739A78C0090D531 /* Release */ = {
			isa = XCBuildConfiguration;
			buildSettings = {
				ASSETCATALOG_COMPILER_APPICON_NAME = AppIcon;
				ASSETCATALOG_COMPILER_GLOBAL_ACCENT_COLOR_NAME = AccentColor;
				CODE_SIGN_STYLE = Automatic;
				DEVELOPMENT_ASSET_PATHS = "\"Unit 4 Project/Preview Content\"";
				DEVELOPMENT_TEAM = 29RWYN422A;
				ENABLE_PREVIEWS = YES;
				INFOPLIST_FILE = "Unit 4 Project/Info.plist";
				IPHONEOS_DEPLOYMENT_TARGET = 14.0;
				LD_RUNPATH_SEARCH_PATHS = (
					"$(inherited)",
					"@executable_path/Frameworks",
				);
				PRODUCT_BUNDLE_IDENTIFIER = "edu.andover.skim23.Unit-4-Project";
				PRODUCT_NAME = "$(TARGET_NAME)";
				SWIFT_VERSION = 5.0;
				TARGETED_DEVICE_FAMILY = "1,2";
			};
			name = Release;
		};
/* End XCBuildConfiguration section */

/* Begin XCConfigurationList section */
		FFC7D8872739A7890090D531 /* Build configuration list for PBXProject "Unit 4 Project" */ = {
			isa = XCConfigurationList;
			buildConfigurations = (
				FFC7D8992739A78C0090D531 /* Debug */,
				FFC7D89A2739A78C0090D531 /* Release */,
			);
			defaultConfigurationIsVisible = 0;
			defaultConfigurationName = Release;
		};
		FFC7D89B2739A78C0090D531 /* Build configuration list for PBXNativeTarget "Unit 4 Project" */ = {
			isa = XCConfigurationList;
			buildConfigurations = (
				FFC7D89C2739A78C0090D531 /* Debug */,
				FFC7D89D2739A78C0090D531 /* Release */,
			);
			defaultConfigurationIsVisible = 0;
			defaultConfigurationName = Release;
		};
/* End XCConfigurationList section */
	};
	rootObject = FFC7D8842739A7890090D531 /* Project object */;
}
